# This file is automatically @generated by Cargo.
# It is not intended for manual editing.
version = 3

[[package]]
name = "data-server"
version = "0.1.0"

[[package]]
name = "inSync"
version = "0.1.0"

[[package]]
name = "market-engine"
version = "0.1.0"

[[package]]
name = "user-gateway"
version = "0.1.0"
